
Microsoft Visual Studio Solution File, Format Version 12.00
# Visual Studio Version 17
VisualStudioVersion = 17.4.33403.182
MinimumVisualStudioVersion = 10.0.40219.1
Project("{9A19103F-16F7-4668-BE54-9A1E7A4F7556}") = "WebApi", "WebApi\WebApi.csproj", "{0B7DF30A-E405-4613-B93F-734FE84B1944}"
EndProject
Project("{9A19103F-16F7-4668-BE54-9A1E7A4F7556}") = "Entities", "Entities\Entities.csproj", "{2D9362A7-BD99-4448-9230-EEA7F2BC9ADF}"
EndProject
Project("{9A19103F-16F7-4668-BE54-9A1E7A4F7556}") = "Repositories", "Repositories\Repositories.csproj", "{9A51B3EB-3C4C-42E7-A275-53ABFA4CBA2A}"
EndProject
Project("{FAE04EC0-301F-11D3-BF4B-00C04F79EFBC}") = "Services", "Services\Services.csproj", "{843C910C-569E-4E33-AA11-450B32D47C7A}"
EndProject
Global
	GlobalSection(SolutionConfigurationPlatforms) = preSolution
		Debug|Any CPU = Debug|Any CPU
		Release|Any CPU = Release|Any CPU
	EndGlobalSection
	GlobalSection(ProjectConfigurationPlatforms) = postSolution
		{0B7DF30A-E405-4613-B93F-734FE84B1944}.Debug|Any CPU.ActiveCfg = Debug|Any CPU
		{0B7DF30A-E405-4613-B93F-734FE84B1944}.Debug|Any CPU.Build.0 = Debug|Any CPU
		{0B7DF30A-E405-4613-B93F-734FE84B1944}.Release|Any CPU.ActiveCfg = Release|Any CPU
		{0B7DF30A-E405-4613-B93F-734FE84B1944}.Release|Any CPU.Build.0 = Release|Any CPU
		{2D9362A7-BD99-4448-9230-EEA7F2BC9ADF}.Debug|Any CPU.ActiveCfg = Debug|Any CPU
		{2D9362A7-BD99-4448-9230-EEA7F2BC9ADF}.Debug|Any CPU.Build.0 = Debug|Any CPU
		{2D9362A7-BD99-4448-9230-EEA7F2BC9ADF}.Release|Any CPU.ActiveCfg = Release|Any CPU
		{2D9362A7-BD99-4448-9230-EEA7F2BC9ADF}.Release|Any CPU.Build.0 = Release|Any CPU
		{9A51B3EB-3C4C-42E7-A275-53ABFA4CBA2A}.Debug|Any CPU.ActiveCfg = Debug|Any CPU
		{9A51B3EB-3C4C-42E7-A275-53ABFA4CBA2A}.Debug|Any CPU.Build.0 = Debug|Any CPU
		{9A51B3EB-3C4C-42E7-A275-53ABFA4CBA2A}.Release|Any CPU.ActiveCfg = Release|Any CPU
		{9A51B3EB-3C4C-42E7-A275-53ABFA4CBA2A}.Release|Any CPU.Build.0 = Release|Any CPU
		{843C910C-569E-4E33-AA11-450B32D47C7A}.Debug|Any CPU.ActiveCfg = Debug|Any CPU
		{843C910C-569E-4E33-AA11-450B32D47C7A}.Debug|Any CPU.Build.0 = Debug|Any CPU
		{843C910C-569E-4E33-AA11-450B32D47C7A}.Release|Any CPU.ActiveCfg = Release|Any CPU
		{843C910C-569E-4E33-AA11-450B32D47C7A}.Release|Any CPU.Build.0 = Release|Any CPU
	EndGlobalSection
	GlobalSection(SolutionProperties) = preSolution
		HideSolutionNode = FALSE
	EndGlobalSection
	GlobalSection(ExtensibilityGlobals) = postSolution
		SolutionGuid = {24EE2CB1-46F7-4058-B63B-2C9F6FEBB8CF}
	EndGlobalSection
EndGlobal
